
Microsoft Visual Studio Solution File, Format Version 12.00
# Visual Studio Version 16
VisualStudioVersion = 16.0.31313.79
MinimumVisualStudioVersion = 10.0.40219.1
Project("{FAE04EC0-301F-11D3-BF4B-00C04F79EFBC}") = "TicTacToe", "TicTacToe.csproj", "{1541C9A5-53D9-4ADB-A4ED-2876BCCF8CFF}"
EndProject
Global
	GlobalSection(SolutionConfigurationPlatforms) = preSolution
		Debug|Any CPU = Debug|Any CPU
		Release|Any CPU = Release|Any CPU
	EndGlobalSection
	GlobalSection(ProjectConfigurationPlatforms) = postSolution
		{1541C9A5-53D9-4ADB-A4ED-2876BCCF8CFF}.Debug|Any CPU.ActiveCfg = Debug|Any CPU
		{1541C9A5-53D9-4ADB-A4ED-2876BCCF8CFF}.Debug|Any CPU.Build.0 = Debug|Any CPU
		{1541C9A5-53D9-4ADB-A4ED-2876BCCF8CFF}.Release|Any CPU.ActiveCfg = Release|Any CPU
		{1541C9A5-53D9-4ADB-A4ED-2876BCCF8CFF}.Release|Any CPU.Build.0 = Release|Any CPU
	EndGlobalSection
	GlobalSection(SolutionProperties) = preSolution
		HideSolutionNode = FALSE
	EndGlobalSection
	GlobalSection(ExtensibilityGlobals) = postSolution
		SolutionGuid = {62F62494-098D-4604-BF1C-C6BFBF97E91D}
	EndGlobalSection
EndGlobal
